
Microsoft Visual Studio Solution File, Format Version 12.00
# Visual Studio 14
VisualStudioVersion = 14.0.25420.1
MinimumVisualStudioVersion = 10.0.40219.1
Project("{FAE04EC0-301F-11D3-BF4B-00C04F79EFBC}") = "Cheap-drink-nearby", "Cheap-drink-nearby\Cheap-drink-nearby.csproj", "{AF33AEBE-EC15-4DDB-BBD4-013B6911705E}"
EndProject
Global
	GlobalSection(SolutionConfigurationPlatforms) = preSolution
		Debug|Any CPU = Debug|Any CPU
		Release|Any CPU = Release|Any CPU
	EndGlobalSection
	GlobalSection(ProjectConfigurationPlatforms) = postSolution
		{AF33AEBE-EC15-4DDB-BBD4-013B6911705E}.Debug|Any CPU.ActiveCfg = Debug|Any CPU
		{AF33AEBE-EC15-4DDB-BBD4-013B6911705E}.Debug|Any CPU.Build.0 = Debug|Any CPU
		{AF33AEBE-EC15-4DDB-BBD4-013B6911705E}.Debug|Any CPU.Deploy.0 = Debug|Any CPU
		{AF33AEBE-EC15-4DDB-BBD4-013B6911705E}.Release|Any CPU.ActiveCfg = Release|Any CPU
		{AF33AEBE-EC15-4DDB-BBD4-013B6911705E}.Release|Any CPU.Build.0 = Release|Any CPU
		{AF33AEBE-EC15-4DDB-BBD4-013B6911705E}.Release|Any CPU.Deploy.0 = Release|Any CPU
	EndGlobalSection
	GlobalSection(SolutionProperties) = preSolution
		HideSolutionNode = FALSE
	EndGlobalSection
EndGlobal
